
Microsoft Visual Studio Solution File, Format Version 12.00
# Visual Studio 14
VisualStudioVersion = 14.0.25420.1
MinimumVisualStudioVersion = 10.0.40219.1
Project("{D954291E-2A0B-460D-934E-DC6B0785DB48}") = "ImageGridTest", "ImageGridTest\ImageGridTest\ImageGridTest.shproj", "{1AC60D47-C737-487F-A396-020D78D3F342}"
EndProject
Project("{FAE04EC0-301F-11D3-BF4B-00C04F79EFBC}") = "ImageGridTest.Droid", "ImageGridTest\ImageGridTest.Droid\ImageGridTest.Droid.csproj", "{998B39CA-03ED-4EFD-9FDF-5450F21DE79D}"
EndProject
Project("{FAE04EC0-301F-11D3-BF4B-00C04F79EFBC}") = "ImageGridTest.iOS", "ImageGridTest\ImageGridTest.iOS\ImageGridTest.iOS.csproj", "{403B4220-1D51-483A-BA95-863F314D5FD4}"
EndProject
Global
	GlobalSection(SharedMSBuildProjectFiles) = preSolution
		ImageGridTest\ImageGridTest\ImageGridTest.projitems*{1ac60d47-c737-487f-a396-020d78d3f342}*SharedItemsImports = 13
		ImageGridTest\ImageGridTest\ImageGridTest.projitems*{403b4220-1d51-483a-ba95-863f314d5fd4}*SharedItemsImports = 4
		ImageGridTest\ImageGridTest\ImageGridTest.projitems*{998b39ca-03ed-4efd-9fdf-5450f21de79d}*SharedItemsImports = 4
	EndGlobalSection
	GlobalSection(SolutionConfigurationPlatforms) = preSolution
		Ad-Hoc|Any CPU = Ad-Hoc|Any CPU
		Ad-Hoc|ARM = Ad-Hoc|ARM
		Ad-Hoc|iPhone = Ad-Hoc|iPhone
		Ad-Hoc|iPhoneSimulator = Ad-Hoc|iPhoneSimulator
		Ad-Hoc|x64 = Ad-Hoc|x64
		Ad-Hoc|x86 = Ad-Hoc|x86
		AppStore|Any CPU = AppStore|Any CPU
		AppStore|ARM = AppStore|ARM
		AppStore|iPhone = AppStore|iPhone
		AppStore|iPhoneSimulator = AppStore|iPhoneSimulator
		AppStore|x64 = AppStore|x64
		AppStore|x86 = AppStore|x86
		Debug|Any CPU = Debug|Any CPU
		Debug|ARM = Debug|ARM
		Debug|iPhone = Debug|iPhone
		Debug|iPhoneSimulator = Debug|iPhoneSimulator
		Debug|x64 = Debug|x64
		Debug|x86 = Debug|x86
		Release|Any CPU = Release|Any CPU
		Release|ARM = Release|ARM
		Release|iPhone = Release|iPhone
		Release|iPhoneSimulator = Release|iPhoneSimulator
		Release|x64 = Release|x64
		Release|x86 = Release|x86
	EndGlobalSection
	GlobalSection(ProjectConfigurationPlatforms) = postSolution
		{998B39CA-03ED-4EFD-9FDF-5450F21DE79D}.Ad-Hoc|Any CPU.ActiveCfg = Release|Any CPU
		{998B39CA-03ED-4EFD-9FDF-5450F21DE79D}.Ad-Hoc|Any CPU.Build.0 = Release|Any CPU
		{998B39CA-03ED-4EFD-9FDF-5450F21DE79D}.Ad-Hoc|Any CPU.Deploy.0 = Release|Any CPU
		{998B39CA-03ED-4EFD-9FDF-5450F21DE79D}.Ad-Hoc|ARM.ActiveCfg = Release|Any CPU
		{998B39CA-03ED-4EFD-9FDF-5450F21DE79D}.Ad-Hoc|ARM.Build.0 = Release|Any CPU
		{998B39CA-03ED-4EFD-9FDF-5450F21DE79D}.Ad-Hoc|ARM.Deploy.0 = Release|Any CPU
		{998B39CA-03ED-4EFD-9FDF-5450F21DE79D}.Ad-Hoc|iPhone.ActiveCfg = Release|Any CPU
		{998B39CA-03ED-4EFD-9FDF-5450F21DE79D}.Ad-Hoc|iPhone.Build.0 = Release|Any CPU
		{998B39CA-03ED-4EFD-9FDF-5450F21DE79D}.Ad-Hoc|iPhone.Deploy.0 = Release|Any CPU
		{998B39CA-03ED-4EFD-9FDF-5450F21DE79D}.Ad-Hoc|iPhoneSimulator.ActiveCfg = Release|Any CPU
		{998B39CA-03ED-4EFD-9FDF-5450F21DE79D}.Ad-Hoc|iPhoneSimulator.Build.0 = Release|Any CPU
		{998B39CA-03ED-4EFD-9FDF-5450F21DE79D}.Ad-Hoc|iPhoneSimulator.Deploy.0 = Release|Any CPU
		{998B39CA-03ED-4EFD-9FDF-5450F21DE79D}.Ad-Hoc|x64.ActiveCfg = Release|Any CPU
		{998B39CA-03ED-4EFD-9FDF-5450F21DE79D}.Ad-Hoc|x64.Build.0 = Release|Any CPU
		{998B39CA-03ED-4EFD-9FDF-5450F21DE79D}.Ad-Hoc|x64.Deploy.0 = Release|Any CPU
		{998B39CA-03ED-4EFD-9FDF-5450F21DE79D}.Ad-Hoc|x86.ActiveCfg = Release|Any CPU
		{998B39CA-03ED-4EFD-9FDF-5450F21DE79D}.Ad-Hoc|x86.Build.0 = Release|Any CPU
		{998B39CA-03ED-4EFD-9FDF-5450F21DE79D}.Ad-Hoc|x86.Deploy.0 = Release|Any CPU
		{998B39CA-03ED-4EFD-9FDF-5450F21DE79D}.AppStore|Any CPU.ActiveCfg = Release|Any CPU
		{998B39CA-03ED-4EFD-9FDF-5450F21DE79D}.AppStore|Any CPU.Build.0 = Release|Any CPU
		{998B39CA-03ED-4EFD-9FDF-5450F21DE79D}.AppStore|Any CPU.Deploy.0 = Release|Any CPU
		{998B39CA-03ED-4EFD-9FDF-5450F21DE79D}.AppStore|ARM.ActiveCfg = Release|Any CPU
		{998B39CA-03ED-4EFD-9FDF-5450F21DE79D}.AppStore|ARM.Build.0 = Release|Any CPU
		{998B39CA-03ED-4EFD-9FDF-5450F21DE79D}.AppStore|ARM.Deploy.0 = Release|Any CPU
		{998B39CA-03ED-4EFD-9FDF-5450F21DE79D}.AppStore|iPhone.ActiveCfg = Release|Any CPU
		{998B39CA-03ED-4EFD-9FDF-5450F21DE79D}.AppStore|iPhone.Build.0 = Release|Any CPU
		{998B39CA-03ED-4EFD-9FDF-5450F21DE79D}.AppStore|iPhone.Deploy.0 = Release|Any CPU
		{998B39CA-03ED-4EFD-9FDF-5450F21DE79D}.AppStore|iPhoneSimulator.ActiveCfg = Release|Any CPU
		{998B39CA-03ED-4EFD-9FDF-5450F21DE79D}.AppStore|iPhoneSimulator.Build.0 = Release|Any CPU
		{998B39CA-03ED-4EFD-9FDF-5450F21DE79D}.AppStore|iPhoneSimulator.Deploy.0 = Release|Any CPU
		{998B39CA-03ED-4EFD-9FDF-5450F21DE79D}.AppStore|x64.ActiveCfg = Release|Any CPU
		{998B39CA-03ED-4EFD-9FDF-5450F21DE79D}.AppStore|x64.Build.0 = Release|Any CPU
		{998B39CA-03ED-4EFD-9FDF-5450F21DE79D}.AppStore|x64.Deploy.0 = Release|Any CPU
		{998B39CA-03ED-4EFD-9FDF-5450F21DE79D}.AppStore|x86.ActiveCfg = Release|Any CPU
		{998B39CA-03ED-4EFD-9FDF-5450F21DE79D}.AppStore|x86.Build.0 = Release|Any CPU
		{998B39CA-03ED-4EFD-9FDF-5450F21DE79D}.AppStore|x86.Deploy.0 = Release|Any CPU
		{998B39CA-03ED-4EFD-9FDF-5450F21DE79D}.Debug|Any CPU.ActiveCfg = Debug|Any CPU
		{998B39CA-03ED-4EFD-9FDF-5450F21DE79D}.Debug|Any CPU.Build.0 = Debug|Any CPU
		{998B39CA-03ED-4EFD-9FDF-5450F21DE79D}.Debug|Any CPU.Deploy.0 = Debug|Any CPU
		{998B39CA-03ED-4EFD-9FDF-5450F21DE79D}.Debug|ARM.ActiveCfg = Debug|Any CPU
		{998B39CA-03ED-4EFD-9FDF-5450F21DE79D}.Debug|ARM.Build.0 = Debug|Any CPU
		{998B39CA-03ED-4EFD-9FDF-5450F21DE79D}.Debug|ARM.Deploy.0 = Debug|Any CPU
		{998B39CA-03ED-4EFD-9FDF-5450F21DE79D}.Debug|iPhone.ActiveCfg = Debug|Any CPU
		{998B39CA-03ED-4EFD-9FDF-5450F21DE79D}.Debug|iPhone.Build.0 = Debug|Any CPU
		{998B39CA-03ED-4EFD-9FDF-5450F21DE79D}.Debug|iPhone.Deploy.0 = Debug|Any CPU
		{998B39CA-03ED-4EFD-9FDF-5450F21DE79D}.Debug|iPhoneSimulator.ActiveCfg = Debug|Any CPU
		{998B39CA-03ED-4EFD-9FDF-5450F21DE79D}.Debug|iPhoneSimulator.Build.0 = Debug|Any CPU
		{998B39CA-03ED-4EFD-9FDF-5450F21DE79D}.Debug|iPhoneSimulator.Deploy.0 = Debug|Any CPU
		{998B39CA-03ED-4EFD-9FDF-5450F21DE79D}.Debug|x64.ActiveCfg = Debug|Any CPU
		{998B39CA-03ED-4EFD-9FDF-5450F21DE79D}.Debug|x64.Build.0 = Debug|Any CPU
		{998B39CA-03ED-4EFD-9FDF-5450F21DE79D}.Debug|x64.Deploy.0 = Debug|Any CPU
		{998B39CA-03ED-4EFD-9FDF-5450F21DE79D}.Debug|x86.ActiveCfg = Debug|Any CPU
		{998B39CA-03ED-4EFD-9FDF-5450F21DE79D}.Debug|x86.Build.0 = Debug|Any CPU
		{998B39CA-03ED-4EFD-9FDF-5450F21DE79D}.Debug|x86.Deploy.0 = Debug|Any CPU
		{998B39CA-03ED-4EFD-9FDF-5450F21DE79D}.Release|Any CPU.ActiveCfg = Release|Any CPU
		{998B39CA-03ED-4EFD-9FDF-5450F21DE79D}.Release|Any CPU.Build.0 = Release|Any CPU
		{998B39CA-03ED-4EFD-9FDF-5450F21DE79D}.Release|Any CPU.Deploy.0 = Release|Any CPU
		{998B39CA-03ED-4EFD-9FDF-5450F21DE79D}.Release|ARM.ActiveCfg = Release|Any CPU
		{998B39CA-03ED-4EFD-9FDF-5450F21DE79D}.Release|ARM.Build.0 = Release|Any CPU
		{998B39CA-03ED-4EFD-9FDF-5450F21DE79D}.Release|ARM.Deploy.0 = Release|Any CPU
		{998B39CA-03ED-4EFD-9FDF-5450F21DE79D}.Release|iPhone.ActiveCfg = Release|Any CPU
		{998B39CA-03ED-4EFD-9FDF-5450F21DE79D}.Release|iPhone.Build.0 = Release|Any CPU
		{998B39CA-03ED-4EFD-9FDF-5450F21DE79D}.Release|iPhone.Deploy.0 = Release|Any CPU
		{998B39CA-03ED-4EFD-9FDF-5450F21DE79D}.Release|iPhoneSimulator.ActiveCfg = Release|Any CPU
		{998B39CA-03ED-4EFD-9FDF-5450F21DE79D}.Release|iPhoneSimulator.Build.0 = Release|Any CPU
		{998B39CA-03ED-4EFD-9FDF-5450F21DE79D}.Release|iPhoneSimulator.Deploy.0 = Release|Any CPU
		{998B39CA-03ED-4EFD-9FDF-5450F21DE79D}.Release|x64.ActiveCfg = Release|Any CPU
		{998B39CA-03ED-4EFD-9FDF-5450F21DE79D}.Release|x64.Build.0 = Release|Any CPU
		{998B39CA-03ED-4EFD-9FDF-5450F21DE79D}.Release|x64.Deploy.0 = Release|Any CPU
		{998B39CA-03ED-4EFD-9FDF-5450F21DE79D}.Release|x86.ActiveCfg = Release|Any CPU
		{998B39CA-03ED-4EFD-9FDF-5450F21DE79D}.Release|x86.Build.0 = Release|Any CPU
		{998B39CA-03ED-4EFD-9FDF-5450F21DE79D}.Release|x86.Deploy.0 = Release|Any CPU
		{403B4220-1D51-483A-BA95-863F314D5FD4}.Ad-Hoc|Any CPU.ActiveCfg = Ad-Hoc|iPhone
		{403B4220-1D51-483A-BA95-863F314D5FD4}.Ad-Hoc|ARM.ActiveCfg = Ad-Hoc|iPhone
		{403B4220-1D51-483A-BA95-863F314D5FD4}.Ad-Hoc|iPhone.ActiveCfg = Ad-Hoc|iPhone
		{403B4220-1D51-483A-BA95-863F314D5FD4}.Ad-Hoc|iPhone.Build.0 = Ad-Hoc|iPhone
		{403B4220-1D51-483A-BA95-863F314D5FD4}.Ad-Hoc|iPhoneSimulator.ActiveCfg = Ad-Hoc|iPhoneSimulator
		{403B4220-1D51-483A-BA95-863F314D5FD4}.Ad-Hoc|iPhoneSimulator.Build.0 = Ad-Hoc|iPhoneSimulator
		{403B4220-1D51-483A-BA95-863F314D5FD4}.Ad-Hoc|x64.ActiveCfg = Ad-Hoc|iPhone
		{403B4220-1D51-483A-BA95-863F314D5FD4}.Ad-Hoc|x86.ActiveCfg = Ad-Hoc|iPhone
		{403B4220-1D51-483A-BA95-863F314D5FD4}.AppStore|Any CPU.ActiveCfg = AppStore|iPhone
		{403B4220-1D51-483A-BA95-863F314D5FD4}.AppStore|ARM.ActiveCfg = AppStore|iPhone
		{403B4220-1D51-483A-BA95-863F314D5FD4}.AppStore|iPhone.ActiveCfg = AppStore|iPhone
		{403B4220-1D51-483A-BA95-863F314D5FD4}.AppStore|iPhone.Build.0 = AppStore|iPhone
		{403B4220-1D51-483A-BA95-863F314D5FD4}.AppStore|iPhoneSimulator.ActiveCfg = AppStore|iPhoneSimulator
		{403B4220-1D51-483A-BA95-863F314D5FD4}.AppStore|iPhoneSimulator.Build.0 = AppStore|iPhoneSimulator
		{403B4220-1D51-483A-BA95-863F314D5FD4}.AppStore|x64.ActiveCfg = AppStore|iPhone
		{403B4220-1D51-483A-BA95-863F314D5FD4}.AppStore|x86.ActiveCfg = AppStore|iPhone
		{403B4220-1D51-483A-BA95-863F314D5FD4}.Debug|Any CPU.ActiveCfg = Debug|iPhone
		{403B4220-1D51-483A-BA95-863F314D5FD4}.Debug|ARM.ActiveCfg = Debug|iPhone
		{403B4220-1D51-483A-BA95-863F314D5FD4}.Debug|iPhone.ActiveCfg = Debug|iPhone
		{403B4220-1D51-483A-BA95-863F314D5FD4}.Debug|iPhone.Build.0 = Debug|iPhone
		{403B4220-1D51-483A-BA95-863F314D5FD4}.Debug|iPhoneSimulator.ActiveCfg = Debug|iPhoneSimulator
		{403B4220-1D51-483A-BA95-863F314D5FD4}.Debug|iPhoneSimulator.Build.0 = Debug|iPhoneSimulator
		{403B4220-1D51-483A-BA95-863F314D5FD4}.Debug|x64.ActiveCfg = Debug|iPhone
		{403B4220-1D51-483A-BA95-863F314D5FD4}.Debug|x86.ActiveCfg = Debug|iPhone
		{403B4220-1D51-483A-BA95-863F314D5FD4}.Release|Any CPU.ActiveCfg = Release|iPhone
		{403B4220-1D51-483A-BA95-863F314D5FD4}.Release|ARM.ActiveCfg = Release|iPhone
		{403B4220-1D51-483A-BA95-863F314D5FD4}.Release|iPhone.ActiveCfg = Release|iPhone
		{403B4220-1D51-483A-BA95-863F314D5FD4}.Release|iPhone.Build.0 = Release|iPhone
		{403B4220-1D51-483A-BA95-863F314D5FD4}.Release|iPhoneSimulator.ActiveCfg = Release|iPhoneSimulator
		{403B4220-1D51-483A-BA95-863F314D5FD4}.Release|iPhoneSimulator.Build.0 = Release|iPhoneSimulator
		{403B4220-1D51-483A-BA95-863F314D5FD4}.Release|x64.ActiveCfg = Release|iPhone
		{403B4220-1D51-483A-BA95-863F314D5FD4}.Release|x86.ActiveCfg = Release|iPhone
	EndGlobalSection
	GlobalSection(SolutionProperties) = preSolution
		HideSolutionNode = FALSE
	EndGlobalSection
EndGlobal
